# THIS IS AN AUTOGENERATED FILE. DO NOT EDIT THIS FILE DIRECTLY.
# yarn lockfile v1


"@types/node@>=6":
  version "12.7.4"
  resolved "https://registry.yarnpkg.com/@types/node/-/node-12.7.4.tgz#64db61e0359eb5a8d99b55e05c729f130a678b04"
  integrity sha512-W0+n1Y+gK/8G2P/piTkBBN38Qc5Q1ZSO6B5H3QmPCUewaiXOo2GCAWZ4ElZCcNhjJuBSUSLGFUJnmlCn5+nxOQ==

"@types/zen-observable@^0.8.0":
  version "0.8.0"
  resolved "https://registry.yarnpkg.com/@types/zen-observable/-/zen-observable-0.8.0.tgz#8b63ab7f1aa5321248aad5ac890a485656dcea4d"
  integrity sha512-te5lMAWii1uEJ4FwLjzdlbw3+n0FZNOvFXHxQDKeT0dilh7HOzdMzV2TrJVUzq8ep7J4Na8OUYPRLSQkJHAlrg==

"@wry/context@^0.4.0":
  version "0.4.4"
  resolved "https://registry.yarnpkg.com/@wry/context/-/context-0.4.4.tgz#e50f5fa1d6cfaabf2977d1fda5ae91717f8815f8"
  integrity sha512-LrKVLove/zw6h2Md/KZyWxIkFM6AoyKp71OqpH9Hiip1csjPVoD3tPxlbQUNxEnHENks3UGgNpSBCAfq9KWuag==
  dependencies:
    "@types/node" ">=6"
    tslib "^1.9.3"

"@wry/equality@^0.1.2":
  version "0.1.9"
  resolved "https://registry.yarnpkg.com/@wry/equality/-/equality-0.1.9.tgz#b13e18b7a8053c6858aa6c85b54911fb31e3a909"
  integrity sha512-mB6ceGjpMGz1ZTza8HYnrPGos2mC6So4NhS1PtZ8s4Qt0K7fBiIGhpSxUbQmhwcSWE3no+bYxmI2OL6KuXYmoQ==
  dependencies:
    tslib "^1.9.3"

ansi-styles@^3.2.1:
  version "3.2.1"
  resolved "https://registry.yarnpkg.com/ansi-styles/-/ansi-styles-3.2.1.tgz#41fbb20243e50b12be0f04b8dedbf07520ce841d"
  integrity sha512-VT0ZI6kZRdTh8YyJw3SMbYm/u+NqfsAxEpWO0Pf9sq8/e94WxxOpPKx9FR1FlyCtOVDNOQ+8ntlqFxiRc+r5qA==
  dependencies:
    color-convert "^1.9.0"

apollo-cache-inmemory@^1.6.3:
  version "1.6.3"
  resolved "https://registry.yarnpkg.com/apollo-cache-inmemory/-/apollo-cache-inmemory-1.6.3.tgz#826861d20baca4abc45f7ca7a874105905b8525d"
  integrity sha512-S4B/zQNSuYc0M/1Wq8dJDTIO9yRgU0ZwDGnmlqxGGmFombOZb9mLjylewSfQKmjNpciZ7iUIBbJ0mHlPJTzdXg==
  dependencies:
    apollo-cache "^1.3.2"
    apollo-utilities "^1.3.2"
    optimism "^0.10.0"
    ts-invariant "^0.4.0"
    tslib "^1.9.3"

apollo-cache@1.3.2, apollo-cache@^1.3.2:
  version "1.3.2"
  resolved "https://registry.yarnpkg.com/apollo-cache/-/apollo-cache-1.3.2.tgz#df4dce56240d6c95c613510d7e409f7214e6d26a"
  integrity sha512-+KA685AV5ETEJfjZuviRTEImGA11uNBp/MJGnaCvkgr+BYRrGLruVKBv6WvyFod27WEB2sp7SsG8cNBKANhGLg==
  dependencies:
    apollo-utilities "^1.3.2"
    tslib "^1.9.3"

apollo-client@^2.6.4:
  version "2.6.4"
  resolved "https://registry.yarnpkg.com/apollo-client/-/apollo-client-2.6.4.tgz#872c32927263a0d34655c5ef8a8949fbb20b6140"
  integrity sha512-oWOwEOxQ9neHHVZrQhHDbI6bIibp9SHgxaLRVPoGvOFy7OH5XUykZE7hBQAVxq99tQjBzgytaZffQkeWo1B4VQ==
  dependencies:
    "@types/zen-observable" "^0.8.0"
    apollo-cache "1.3.2"
    apollo-link "^1.0.0"
    apollo-utilities "1.3.2"
    symbol-observable "^1.0.2"
    ts-invariant "^0.4.0"
    tslib "^1.9.3"
    zen-observable "^0.8.0"

apollo-link-context@^1.0.19:
  version "1.0.19"
  resolved "https://registry.yarnpkg.com/apollo-link-context/-/apollo-link-context-1.0.19.tgz#3c9ba5bf75ed5428567ce057b8837ef874a58987"
  integrity sha512-TUi5TyufU84hEiGkpt+5gdH5HkB3Gx46npNfoxR4of3DKBCMuItGERt36RCaryGcU/C3u2zsICU3tJ+Z9LjFoQ==
  dependencies:
    apollo-link "^1.2.13"
    tslib "^1.9.3"

apollo-link-http-common@^0.2.15:
  version "0.2.15"
  resolved "https://registry.yarnpkg.com/apollo-link-http-common/-/apollo-link-http-common-0.2.15.tgz#304e67705122bf69a9abaded4351b10bc5efd6d9"
  integrity sha512-+Heey4S2IPsPyTf8Ag3PugUupASJMW894iVps6hXbvwtg1aHSNMXUYO5VG7iRHkPzqpuzT4HMBanCTXPjtGzxg==
  dependencies:
    apollo-link "^1.2.13"
    ts-invariant "^0.4.0"
    tslib "^1.9.3"

apollo-link-http@^1.5.16:
  version "1.5.16"
  resolved "https://registry.yarnpkg.com/apollo-link-http/-/apollo-link-http-1.5.16.tgz#44fe760bcc2803b8a7f57fc9269173afb00f3814"
  integrity sha512-IA3xA/OcrOzINRZEECI6IdhRp/Twom5X5L9jMehfzEo2AXdeRwAMlH5LuvTZHgKD8V1MBnXdM6YXawXkTDSmJw==
  dependencies:
    apollo-link "^1.2.13"
    apollo-link-http-common "^0.2.15"
    tslib "^1.9.3"

apollo-link@^1.0.0, apollo-link@^1.2.13:
  version "1.2.13"
  resolved "https://registry.yarnpkg.com/apollo-link/-/apollo-link-1.2.13.tgz#dff00fbf19dfcd90fddbc14b6a3f9a771acac6c4"
  integrity sha512-+iBMcYeevMm1JpYgwDEIDt/y0BB7VWyvlm/7x+TIPNLHCTCMgcEgDuW5kH86iQZWo0I7mNwQiTOz+/3ShPFmBw==
  dependencies:
    apollo-utilities "^1.3.0"
    ts-invariant "^0.4.0"
    tslib "^1.9.3"
    zen-observable-ts "^0.8.20"

apollo-utilities@1.3.2, apollo-utilities@^1.3.0, apollo-utilities@^1.3.2:
  version "1.3.2"
  resolved "https://registry.yarnpkg.com/apollo-utilities/-/apollo-utilities-1.3.2.tgz#8cbdcf8b012f664cd6cb5767f6130f5aed9115c9"
  integrity sha512-JWNHj8XChz7S4OZghV6yc9FNnzEXj285QYp/nLNh943iObycI5GTDO3NGR9Dth12LRrSFMeDOConPfPln+WGfg==
  dependencies:
    "@wry/equality" "^0.1.2"
    fast-json-stable-stringify "^2.0.0"
    ts-invariant "^0.4.0"
    tslib "^1.9.3"

chalk@^2.4.2:
  version "2.4.2"
  resolved "https://registry.yarnpkg.com/chalk/-/chalk-2.4.2.tgz#cd42541677a54333cf541a49108c1432b44c9424"
  integrity sha512-Mti+f9lpJNcwF4tWV8/OrTTtF1gZi+f8FqlyAdouralcFWFQWF2+NgCHShjkCb+IFBLq9buZwE1xckQU4peSuQ==
  dependencies:
    ansi-styles "^3.2.1"
    escape-string-regexp "^1.0.5"
    supports-color "^5.3.0"

clear@^0.1.0:
  version "0.1.0"
  resolved "https://registry.yarnpkg.com/clear/-/clear-0.1.0.tgz#b81b1e03437a716984fd7ac97c87d73bdfe7048a"
  integrity sha512-qMjRnoL+JDPJHeLePZJuao6+8orzHMGP04A8CdwCNsKhRbOnKRjefxONR7bwILT3MHecxKBjHkKL/tkZ8r4Uzw==

color-convert@^1.9.0:
  version "1.9.3"
  resolved "https://registry.yarnpkg.com/color-convert/-/color-convert-1.9.3.tgz#bb71850690e1f136567de629d2d5471deda4c1e8"
  integrity sha512-QfAUtd+vFdAtFQcC8CCyYt1fYWxSqAiK2cSD6zDB8N3cpsEBAvRxp9zOGg6G/SHHJYAT88/az/IuDGALsNVbGg==
  dependencies:
    color-name "1.1.3"

color-name@1.1.3:
  version "1.1.3"
  resolved "https://registry.yarnpkg.com/color-name/-/color-name-1.1.3.tgz#a7d0558bd89c42f795dd42328f740831ca53bc25"
  integrity sha1-p9BVi9icQveV3UIyj3QIMcpTvCU=

commander@^3.0.1:
  version "3.0.1"
  resolved "https://registry.yarnpkg.com/commander/-/commander-3.0.1.tgz#4595aec3530525e671fb6f85fb173df8ff8bf57a"
  integrity sha512-UNgvDd+csKdc9GD4zjtkHKQbT8Aspt2jCBqNSPp53vAS0L1tS9sXB2TCEOPHJ7kt9bN/niWkYj8T3RQSoMXdSQ==

escape-string-regexp@^1.0.5:
  version "1.0.5"
  resolved "https://registry.yarnpkg.com/escape-string-regexp/-/escape-string-regexp-1.0.5.tgz#1b61c0562190a8dff6ae3bb2cf0200ca130b86d4"
  integrity sha1-G2HAViGQqN/2rjuyzwIAyhMLhtQ=

fast-json-stable-stringify@^2.0.0:
  version "2.0.0"
  resolved "https://registry.yarnpkg.com/fast-json-stable-stringify/-/fast-json-stable-stringify-2.0.0.tgz#d5142c0caee6b1189f87d3a76111064f86c8bbf2"
  integrity sha1-1RQsDK7msRifh9OnYREGT4bIu/I=

figlet@^1.2.4:
  version "1.2.4"
  resolved "https://registry.yarnpkg.com/figlet/-/figlet-1.2.4.tgz#2d2f48b61a77418ba6cbd9db2e25da27efee16d0"
  integrity sha512-mv8YA9RruB4C5QawPaD29rEVx3N97ZTyNrE4DAfbhuo6tpcMdKnPVo8MlyT3RP5uPcg5M14bEJBq7kjFf4kAWg==

graphql-tag@^2.10.1:
  version "2.10.1"
  resolved "https://registry.yarnpkg.com/graphql-tag/-/graphql-tag-2.10.1.tgz#10aa41f1cd8fae5373eaf11f1f67260a3cad5e02"
  integrity sha512-jApXqWBzNXQ8jYa/HLkZJaVw9jgwNqZkywa2zfFn16Iv1Zb7ELNHkJaXHR7Quvd5SIGsy6Ny7SUKATgnu05uEg==

graphql@^14.5.4:
  version "14.5.4"
  resolved "https://registry.yarnpkg.com/graphql/-/graphql-14.5.4.tgz#b33fe957854e90c10d4c07c7d26b6c8e9f159a13"
  integrity sha512-dPLvHoxy5m9FrkqWczPPRnH0X80CyvRE6e7Fa5AWEqEAzg9LpxHvKh24po/482E6VWHigOkAmb4xCp6P9yT9gw==
  dependencies:
    iterall "^1.2.2"

has-flag@^3.0.0:
  version "3.0.0"
  resolved "https://registry.yarnpkg.com/has-flag/-/has-flag-3.0.0.tgz#b5d454dc2199ae225699f3467e5a07f3b955bafd"
  integrity sha1-tdRU3CGZriJWmfNGfloH87lVuv0=

inherits@2.0.3:
  version "2.0.3"
  resolved "https://registry.yarnpkg.com/inherits/-/inherits-2.0.3.tgz#633c2c83e3da42a502f52466022480f4208261de"
  integrity sha1-Yzwsg+PaQqUC9SRmAiSA9CCCYd4=

iterall@^1.2.2:
  version "1.2.2"
  resolved "https://registry.yarnpkg.com/iterall/-/iterall-1.2.2.tgz#92d70deb8028e0c39ff3164fdbf4d8b088130cd7"
  integrity sha512-yynBb1g+RFUPY64fTrFv7nsjRrENBQJaX2UL+2Szc9REFrSNm1rpSXHGzhmAy7a9uv3vlvgBlXnf9RqmPH1/DA==

node-fetch@^2.6.0:
  version "2.6.0"
  resolved "https://registry.yarnpkg.com/node-fetch/-/node-fetch-2.6.0.tgz#e633456386d4aa55863f676a7ab0daa8fdecb0fd"
  integrity sha512-8dG4H5ujfvFiqDmVu9fQ5bOHUC15JMjMY/Zumv26oOvvVJjM67KF8koCWIabKQ1GJIa9r2mMZscBq/TbdOcmNA==

optimism@^0.10.0:
  version "0.10.2"
  resolved "https://registry.yarnpkg.com/optimism/-/optimism-0.10.2.tgz#626b6fd28b0923de98ecb36a3fd2d3d4e5632dd9"
  integrity sha512-zPfBIxFFWMmQboM9+Z4MSJqc1PXp82v1PFq/GfQaufI69mHKlup7ykGNnfuGIGssXJQkmhSodQ/k9EWwjd8O8A==
  dependencies:
    "@wry/context" "^0.4.0"

path@^0.12.7:
  version "0.12.7"
  resolved "https://registry.yarnpkg.com/path/-/path-0.12.7.tgz#d4dc2a506c4ce2197eb481ebfcd5b36c0140b10f"
  integrity sha1-1NwqUGxM4hl+tIHr/NWzbAFAsQ8=
  dependencies:
    process "^0.11.1"
    util "^0.10.3"

process@^0.11.1:
  version "0.11.10"
  resolved "https://registry.yarnpkg.com/process/-/process-0.11.10.tgz#7332300e840161bda3e69a1d1d91a7d4bc16f182"
  integrity sha1-czIwDoQBYb2j5podHZGn1LwW8YI=

supports-color@^5.3.0:
  version "5.5.0"
  resolved "https://registry.yarnpkg.com/supports-color/-/supports-color-5.5.0.tgz#e2e69a44ac8772f78a1ec0b35b689df6530efc8f"
  integrity sha512-QjVjwdXIt408MIiAqCX4oUKsgU2EqAGzs2Ppkm4aQYbjm+ZEWEcW4SfFNTr4uMNZma0ey4f5lgLrkB0aX0QMow==
  dependencies:
    has-flag "^3.0.0"

symbol-observable@^1.0.2:
  version "1.2.0"
  resolved "https://registry.yarnpkg.com/symbol-observable/-/symbol-observable-1.2.0.tgz#c22688aed4eab3cdc2dfeacbb561660560a00804"
  integrity sha512-e900nM8RRtGhlV36KGEU9k65K3mPb1WV70OdjfxlG2EAuM1noi/E/BaW/uMhL7bPEssK8QV57vN3esixjUvcXQ==

ts-invariant@^0.4.0:
  version "0.4.4"
  resolved "https://registry.yarnpkg.com/ts-invariant/-/ts-invariant-0.4.4.tgz#97a523518688f93aafad01b0e80eb803eb2abd86"
  integrity sha512-uEtWkFM/sdZvRNNDL3Ehu4WVpwaulhwQszV8mrtcdeE8nN00BV9mAmQ88RkrBhFgl9gMgvjJLAQcZbnPXI9mlA==
  dependencies:
    tslib "^1.9.3"

tslib@^1.9.3:
  version "1.10.0"
  resolved "https://registry.yarnpkg.com/tslib/-/tslib-1.10.0.tgz#c3c19f95973fb0a62973fb09d90d961ee43e5c8a"
  integrity sha512-qOebF53frne81cf0S9B41ByenJ3/IuH8yJKngAX35CmiZySA0khhkovshKK+jGCaMnVomla7gVlIcc3EvKPbTQ==

util@^0.10.3:
  version "0.10.4"
  resolved "https://registry.yarnpkg.com/util/-/util-0.10.4.tgz#3aa0125bfe668a4672de58857d3ace27ecb76901"
  integrity sha512-0Pm9hTQ3se5ll1XihRic3FDIku70C+iHUdT/W926rSgHV5QgXsYbKZN8MSC3tJtSkhuROzvsQjAaFENRXr+19A==
  dependencies:
    inherits "2.0.3"

zen-observable-ts@^0.8.20:
  version "0.8.20"
  resolved "https://registry.yarnpkg.com/zen-observable-ts/-/zen-observable-ts-0.8.20.tgz#44091e335d3fcbc97f6497e63e7f57d5b516b163"
  integrity sha512-2rkjiPALhOtRaDX6pWyNqK1fnP5KkJJybYebopNSn6wDG1lxBoFs2+nwwXKoA6glHIrtwrfBBy6da0stkKtTAA==
  dependencies:
    tslib "^1.9.3"
    zen-observable "^0.8.0"

zen-observable@^0.8.0:
  version "0.8.14"
  resolved "https://registry.yarnpkg.com/zen-observable/-/zen-observable-0.8.14.tgz#d33058359d335bc0db1f0af66158b32872af3bf7"
  integrity sha512-kQz39uonEjEESwh+qCi83kcC3rZJGh4mrZW7xjkSQYXkq//JZHTtKo+6yuVloTgMtzsIWOJrjIrKvk/dqm0L5g==
